
Microsoft Visual Studio Solution File, Format Version 12.00
Project("{FAE04EC0-301F-11D3-BF4B-00C04F79EFBC}") = "HavitBlazor", "HavitBlazor.csproj", "{0D242680-37D6-4CB9-8093-E2A59F6C13AA}"
EndProject
Global
	GlobalSection(SolutionConfigurationPlatforms) = preSolution
		Debug|Any CPU = Debug|Any CPU
		Release|Any CPU = Release|Any CPU
	EndGlobalSection
	GlobalSection(ProjectConfigurationPlatforms) = postSolution
		{0D242680-37D6-4CB9-8093-E2A59F6C13AA}.Debug|Any CPU.ActiveCfg = Debug|Any CPU
		{0D242680-37D6-4CB9-8093-E2A59F6C13AA}.Debug|Any CPU.Build.0 = Debug|Any CPU
		{0D242680-37D6-4CB9-8093-E2A59F6C13AA}.Release|Any CPU.ActiveCfg = Release|Any CPU
		{0D242680-37D6-4CB9-8093-E2A59F6C13AA}.Release|Any CPU.Build.0 = Release|Any CPU
	EndGlobalSection
EndGlobal
